
Microsoft Visual Studio Solution File, Format Version 12.00
# Visual Studio Version 16
VisualStudioVersion = 16.0.28407.52
MinimumVisualStudioVersion = 10.0.40219.1
Project("{8BC9CEB8-8B4A-11D0-8D11-00A0C91BC942}") = "Unpacker", "Unpacker\Unpacker.vcxproj", "{CEDD54FC-626F-47FB-B4D8-CC1DD16FDE67}"
EndProject
Project("{2150E333-8FDC-42A3-9474-1A3956D46DE8}") = "Solution Items", "Solution Items", "{C5B0A729-C62C-49D7-B198-F11816E894A1}"
	ProjectSection(SolutionItems) = preProject
		.gitignore = .gitignore
		LICENSE = LICENSE
		README.md = README.md
	EndProjectSection
EndProject
Global
	GlobalSection(SolutionConfigurationPlatforms) = preSolution
		Debug|x64 = Debug|x64
		Debug|x86 = Debug|x86
		Release|x64 = Release|x64
		Release|x86 = Release|x86
	EndGlobalSection
	GlobalSection(ProjectConfigurationPlatforms) = postSolution
		{CEDD54FC-626F-47FB-B4D8-CC1DD16FDE67}.Debug|x64.ActiveCfg = Debug|x64
		{CEDD54FC-626F-47FB-B4D8-CC1DD16FDE67}.Debug|x64.Build.0 = Debug|x64
		{CEDD54FC-626F-47FB-B4D8-CC1DD16FDE67}.Debug|x86.ActiveCfg = Debug|Win32
		{CEDD54FC-626F-47FB-B4D8-CC1DD16FDE67}.Debug|x86.Build.0 = Debug|Win32
		{CEDD54FC-626F-47FB-B4D8-CC1DD16FDE67}.Release|x64.ActiveCfg = Release|x64
		{CEDD54FC-626F-47FB-B4D8-CC1DD16FDE67}.Release|x64.Build.0 = Release|x64
		{CEDD54FC-626F-47FB-B4D8-CC1DD16FDE67}.Release|x86.ActiveCfg = Release|Win32
		{CEDD54FC-626F-47FB-B4D8-CC1DD16FDE67}.Release|x86.Build.0 = Release|Win32
	EndGlobalSection
	GlobalSection(SolutionProperties) = preSolution
		HideSolutionNode = FALSE
	EndGlobalSection
	GlobalSection(ExtensibilityGlobals) = postSolution
		SolutionGuid = {6AF40A9A-89BA-443E-A522-CEFBB4685824}
	EndGlobalSection
EndGlobal
